
Microsoft Visual Studio Solution File, Format Version 11.00
# Visual Studio 2010
Project("{FAE04EC0-301F-11D3-BF4B-00C04F79EFBC}") = "DataAccess", "DataAccess\DataAccess.csproj", "{CEB519ED-E49D-44A2-B88A-5513A7096E68}"
EndProject
Project("{FAE04EC0-301F-11D3-BF4B-00C04F79EFBC}") = "DataObjects", "DataObjects\DataObjects.csproj", "{7548D81B-DF3B-40F9-882E-D5C7F45019DA}"
EndProject
Project("{FAE04EC0-301F-11D3-BF4B-00C04F79EFBC}") = "Logic", "Logic\Logic.csproj", "{B0A336F4-D904-4040-A0BE-09A620026728}"
EndProject
Project("{FAE04EC0-301F-11D3-BF4B-00C04F79EFBC}") = "Web", "Web\Web.csproj", "{75733A4E-BD54-4929-8535-3B1DC3058899}"
EndProject
Project("{2150E333-8FDC-42A3-9474-1A3956D46DE8}") = "Generator Files", "Generator Files", "{31FCD577-4BD9-47B1-B385-353FA29301AC}"
	ProjectSection(SolutionItems) = preProject
		Generator Files\BaseServiceObjects.xslt = Generator Files\BaseServiceObjects.xslt
		Generator Files\Cache.xslt = Generator Files\Cache.xslt
		Generator Files\CSExtensions.xslt = Generator Files\CSExtensions.xslt
		Generator Files\DataAccess-LINQ.xslt = Generator Files\DataAccess-LINQ.xslt
		Generator Files\DataObjects.xslt = Generator Files\DataObjects.xslt
		Generator Files\Enumerations.xslt = Generator Files\Enumerations.xslt
		Generator Files\Logic.xslt = Generator Files\Logic.xslt
		Generator Files\RESTImplementation.xslt = Generator Files\RESTImplementation.xslt
		Generator Files\RESTInterface.xslt = Generator Files\RESTInterface.xslt
		Generator Files\RESTServiceLinkType.xslt = Generator Files\RESTServiceLinkType.xslt
		Generator Files\RESTServiceObjects.xslt = Generator Files\RESTServiceObjects.xslt
		Generator Files\RESTUrlUtil.xslt = Generator Files\RESTUrlUtil.xslt
		Generator Files\Sample.xpr = Generator Files\Sample.xpr
		Generator Files\ServiceDocumentation-Common.xslt = Generator Files\ServiceDocumentation-Common.xslt
		Generator Files\ServiceDocumentation-HTML-Methods.xslt = Generator Files\ServiceDocumentation-HTML-Methods.xslt
		Generator Files\ServiceDocumentation-HTML-Types.xslt = Generator Files\ServiceDocumentation-HTML-Types.xslt
		Generator Files\SOAPImplementation.xslt = Generator Files\SOAPImplementation.xslt
		Generator Files\SOAPInterface.xslt = Generator Files\SOAPInterface.xslt
		Generator Files\SOAPServiceObjects.xslt = Generator Files\SOAPServiceObjects.xslt
		Generator Files\Web-EditControls-ASCX.xslt = Generator Files\Web-EditControls-ASCX.xslt
		Generator Files\Web-EditControls-CS.xslt = Generator Files\Web-EditControls-CS.xslt
		Generator Files\Web-EditPage-ASPX.xslt = Generator Files\Web-EditPage-ASPX.xslt
		Generator Files\Web-EditPage-CS.xslt = Generator Files\Web-EditPage-CS.xslt
		Generator Files\Web-ListControls-ASCX.xslt = Generator Files\Web-ListControls-ASCX.xslt
		Generator Files\Web-ListControls-CS.xslt = Generator Files\Web-ListControls-CS.xslt
		Generator Files\Web-ListPage-ASPX.xslt = Generator Files\Web-ListPage-ASPX.xslt
		Generator Files\Web-ListPage-CS.xslt = Generator Files\Web-ListPage-CS.xslt
		Generator Files\XSLTCommon-CS.xslt = Generator Files\XSLTCommon-CS.xslt
		Generator Files\XSLTCommon.xslt = Generator Files\XSLTCommon.xslt
	EndProjectSection
EndProject
Project("{2150E333-8FDC-42A3-9474-1A3956D46DE8}") = "Database", "Database", "{50FE14D7-ED96-46CE-A3F9-7600583B5465}"
EndProject
Project("{C8D11400-126E-41CD-887F-60BD40844F9E}") = "DatabaseSchema", "Database\DatabaseSchema\DatabaseSchema.dbproj", "{69F60C2B-0141-42CC-B681-265F29AD9EF4}"
EndProject
Project("{FAE04EC0-301F-11D3-BF4B-00C04F79EFBC}") = "Common", "Common\Common.csproj", "{CC0554CB-5F68-4C07-9696-10910BDBDAB1}"
EndProject
Project("{FAE04EC0-301F-11D3-BF4B-00C04F79EFBC}") = "Service", "Service\Service.csproj", "{E269B272-CAF0-43EA-960C-3CBD56D30658}"
EndProject
Global
	GlobalSection(SolutionConfigurationPlatforms) = preSolution
		Debug|Any CPU = Debug|Any CPU
		Release|Any CPU = Release|Any CPU
	EndGlobalSection
	GlobalSection(ProjectConfigurationPlatforms) = postSolution
		{CEB519ED-E49D-44A2-B88A-5513A7096E68}.Debug|Any CPU.ActiveCfg = Debug|Any CPU
		{CEB519ED-E49D-44A2-B88A-5513A7096E68}.Debug|Any CPU.Build.0 = Debug|Any CPU
		{CEB519ED-E49D-44A2-B88A-5513A7096E68}.Release|Any CPU.ActiveCfg = Release|Any CPU
		{CEB519ED-E49D-44A2-B88A-5513A7096E68}.Release|Any CPU.Build.0 = Release|Any CPU
		{7548D81B-DF3B-40F9-882E-D5C7F45019DA}.Debug|Any CPU.ActiveCfg = Debug|Any CPU
		{7548D81B-DF3B-40F9-882E-D5C7F45019DA}.Debug|Any CPU.Build.0 = Debug|Any CPU
		{7548D81B-DF3B-40F9-882E-D5C7F45019DA}.Release|Any CPU.ActiveCfg = Release|Any CPU
		{7548D81B-DF3B-40F9-882E-D5C7F45019DA}.Release|Any CPU.Build.0 = Release|Any CPU
		{B0A336F4-D904-4040-A0BE-09A620026728}.Debug|Any CPU.ActiveCfg = Debug|Any CPU
		{B0A336F4-D904-4040-A0BE-09A620026728}.Debug|Any CPU.Build.0 = Debug|Any CPU
		{B0A336F4-D904-4040-A0BE-09A620026728}.Release|Any CPU.ActiveCfg = Release|Any CPU
		{B0A336F4-D904-4040-A0BE-09A620026728}.Release|Any CPU.Build.0 = Release|Any CPU
		{75733A4E-BD54-4929-8535-3B1DC3058899}.Debug|Any CPU.ActiveCfg = Debug|Any CPU
		{75733A4E-BD54-4929-8535-3B1DC3058899}.Debug|Any CPU.Build.0 = Debug|Any CPU
		{75733A4E-BD54-4929-8535-3B1DC3058899}.Release|Any CPU.ActiveCfg = Release|Any CPU
		{75733A4E-BD54-4929-8535-3B1DC3058899}.Release|Any CPU.Build.0 = Release|Any CPU
		{69F60C2B-0141-42CC-B681-265F29AD9EF4}.Debug|Any CPU.ActiveCfg = Debug|Any CPU
		{69F60C2B-0141-42CC-B681-265F29AD9EF4}.Debug|Any CPU.Build.0 = Debug|Any CPU
		{69F60C2B-0141-42CC-B681-265F29AD9EF4}.Release|Any CPU.ActiveCfg = Release|Any CPU
		{69F60C2B-0141-42CC-B681-265F29AD9EF4}.Release|Any CPU.Build.0 = Release|Any CPU
		{CC0554CB-5F68-4C07-9696-10910BDBDAB1}.Debug|Any CPU.ActiveCfg = Debug|Any CPU
		{CC0554CB-5F68-4C07-9696-10910BDBDAB1}.Debug|Any CPU.Build.0 = Debug|Any CPU
		{CC0554CB-5F68-4C07-9696-10910BDBDAB1}.Release|Any CPU.ActiveCfg = Release|Any CPU
		{CC0554CB-5F68-4C07-9696-10910BDBDAB1}.Release|Any CPU.Build.0 = Release|Any CPU
		{E269B272-CAF0-43EA-960C-3CBD56D30658}.Debug|Any CPU.ActiveCfg = Debug|Any CPU
		{E269B272-CAF0-43EA-960C-3CBD56D30658}.Debug|Any CPU.Build.0 = Debug|Any CPU
		{E269B272-CAF0-43EA-960C-3CBD56D30658}.Release|Any CPU.ActiveCfg = Release|Any CPU
		{E269B272-CAF0-43EA-960C-3CBD56D30658}.Release|Any CPU.Build.0 = Release|Any CPU
	EndGlobalSection
	GlobalSection(SolutionProperties) = preSolution
		HideSolutionNode = FALSE
	EndGlobalSection
	GlobalSection(NestedProjects) = preSolution
		{69F60C2B-0141-42CC-B681-265F29AD9EF4} = {50FE14D7-ED96-46CE-A3F9-7600583B5465}
	EndGlobalSection
EndGlobal
