Microsoft Visual Studio Solution File, Format Version 12.00
# Visual Studio 2012
Project("{2150E333-8FDC-42A3-9474-1A3956D46DE8}") = "Quantum Concepts", "Quantum Concepts", "{D38AA9F7-C434-4331-AFDD-6F7B89A86168}"
EndProject
Project("{2150E333-8FDC-42A3-9474-1A3956D46DE8}") = "Setup", "Setup", "{254F829F-E480-4D56-A62D-AE3E0076137F}"
EndProject
Project("{2150E333-8FDC-42A3-9474-1A3956D46DE8}") = "Licensing", "Licensing", "{D9914E38-7A6A-4592-A36A-7C19BC259376}"
EndProject
Project("{2150E333-8FDC-42A3-9474-1A3956D46DE8}") = "Common", "Common", "{FBBCE9D9-2176-4B0F-B136-37E6A542F7B2}"
EndProject
Project("{2150E333-8FDC-42A3-9474-1A3956D46DE8}") = "Web", "Web", "{BABFD0C7-959C-428E-B128-B69089601147}"
EndProject
Project("{2150E333-8FDC-42A3-9474-1A3956D46DE8}") = "Plugins", "Plugins", "{08DC6DBD-CA18-4314-8595-4D9B3924C900}"
EndProject
Project("{FAE04EC0-301F-11D3-BF4B-00C04F79EFBC}") = "Client", "Client\Client.csproj", "{A302295E-CEFF-4EA6-AEFA-D3F3FB94AFB3}"
EndProject
Project("{FAE04EC0-301F-11D3-BF4B-00C04F79EFBC}") = "Core", "Core\Core.csproj", "{FD273A49-441A-426E-9367-BF26A675F2E7}"
EndProject
Project("{FAE04EC0-301F-11D3-BF4B-00C04F79EFBC}") = "Common-2010", "..\..\..\Common\Common\Common-2010.csproj", "{8807828D-DB88-462A-875E-647240D48668}"
EndProject
Project("{FAE04EC0-301F-11D3-BF4B-00C04F79EFBC}") = "CommonForms", "..\..\..\Common\CommonForms\CommonForms.csproj", "{2B26F338-F6E8-4A24-9E2B-7B2DACCFB892}"
EndProject
Project("{FAE04EC0-301F-11D3-BF4B-00C04F79EFBC}") = "Client", "..\..\..\Licensing\Source\Client\Client.csproj", "{68B4B135-962E-4F6E-B0B3-0D5CBF361203}"
EndProject
Project("{FAE04EC0-301F-11D3-BF4B-00C04F79EFBC}") = "Common", "..\..\..\Licensing\Source\Common\Common.csproj", "{7926B660-8A5D-46C6-9A0F-4F6726E88561}"
EndProject
Project("{FAE04EC0-301F-11D3-BF4B-00C04F79EFBC}") = "Web", "Web\Web\Web.csproj", "{0D529E7F-C4BD-4123-A96D-482E8B411B8D}"
EndProject
Project("{54435603-DBB4-11D2-8724-00A0C9A8B90C}") = "Client (x64)", "Setup\Client (x64)\Client (x64).vdproj", "{CF4A1C62-DF0E-49E7-94AC-54622F382D12}"
EndProject
Project("{54435603-DBB4-11D2-8724-00A0C9A8B90C}") = "Client (x86)", "Setup\Client (x86)\Client (x86).vdproj", "{C5136175-8D0F-4D3C-A412-CDDBB8343D4F}"
EndProject
Project("{FAE04EC0-301F-11D3-BF4B-00C04F79EFBC}") = "MVC3 Admin", "Plugins\MVC3 Admin\MVC3 Admin.csproj", "{EBF717A5-FBCF-479F-B4F0-B3FE4BF28AD0}"
EndProject
Project("{54435603-DBB4-11D2-8724-00A0C9A8B90C}") = "MVC3 Admin (x64)", "Setup\MVC3 Admin (x64)\MVC3 Admin (x64).vdproj", "{DE5E28C9-5980-4DE1-B3C8-B842597A8393}"
EndProject
Project("{54435603-DBB4-11D2-8724-00A0C9A8B90C}") = "MVC3 Admin (x86)", "Setup\MVC3 Admin (x86)\MVC3 Admin (x86).vdproj", "{86F72A8D-BCD6-4502-95A5-01E2D476E32E}"
EndProject
Global
	GlobalSection(TestCaseManagementSettings) = postSolution
		CategoryFile = CodeGenerator.vsmdi
	EndGlobalSection
	GlobalSection(SolutionConfigurationPlatforms) = preSolution
		Debug|Any CPU = Debug|Any CPU
		Debug|x64 = Debug|x64
		Debug|x86 = Debug|x86
		Release|Any CPU = Release|Any CPU
		Release|x64 = Release|x64
		Release|x86 = Release|x86
	EndGlobalSection
	GlobalSection(ProjectConfigurationPlatforms) = postSolution
		{A302295E-CEFF-4EA6-AEFA-D3F3FB94AFB3}.Debug|Any CPU.ActiveCfg = Debug|Any CPU
		{A302295E-CEFF-4EA6-AEFA-D3F3FB94AFB3}.Debug|Any CPU.Build.0 = Debug|Any CPU
		{A302295E-CEFF-4EA6-AEFA-D3F3FB94AFB3}.Debug|x64.ActiveCfg = Debug|x64
		{A302295E-CEFF-4EA6-AEFA-D3F3FB94AFB3}.Debug|x64.Build.0 = Debug|x64
		{A302295E-CEFF-4EA6-AEFA-D3F3FB94AFB3}.Debug|x86.ActiveCfg = Debug|x86
		{A302295E-CEFF-4EA6-AEFA-D3F3FB94AFB3}.Debug|x86.Build.0 = Debug|x86
		{A302295E-CEFF-4EA6-AEFA-D3F3FB94AFB3}.Release|Any CPU.ActiveCfg = Release|Any CPU
		{A302295E-CEFF-4EA6-AEFA-D3F3FB94AFB3}.Release|Any CPU.Build.0 = Release|Any CPU
		{A302295E-CEFF-4EA6-AEFA-D3F3FB94AFB3}.Release|x64.ActiveCfg = Release|x64
		{A302295E-CEFF-4EA6-AEFA-D3F3FB94AFB3}.Release|x64.Build.0 = Release|x64
		{A302295E-CEFF-4EA6-AEFA-D3F3FB94AFB3}.Release|x86.ActiveCfg = Release|x86
		{A302295E-CEFF-4EA6-AEFA-D3F3FB94AFB3}.Release|x86.Build.0 = Release|x86
		{FD273A49-441A-426E-9367-BF26A675F2E7}.Debug|Any CPU.ActiveCfg = Debug|Any CPU
		{FD273A49-441A-426E-9367-BF26A675F2E7}.Debug|Any CPU.Build.0 = Debug|Any CPU
		{FD273A49-441A-426E-9367-BF26A675F2E7}.Debug|x64.ActiveCfg = Debug|x64
		{FD273A49-441A-426E-9367-BF26A675F2E7}.Debug|x64.Build.0 = Debug|x64
		{FD273A49-441A-426E-9367-BF26A675F2E7}.Debug|x86.ActiveCfg = Debug|x86
		{FD273A49-441A-426E-9367-BF26A675F2E7}.Debug|x86.Build.0 = Debug|x86
		{FD273A49-441A-426E-9367-BF26A675F2E7}.Release|Any CPU.ActiveCfg = Release|Any CPU
		{FD273A49-441A-426E-9367-BF26A675F2E7}.Release|Any CPU.Build.0 = Release|Any CPU
		{FD273A49-441A-426E-9367-BF26A675F2E7}.Release|x64.ActiveCfg = Release|x64
		{FD273A49-441A-426E-9367-BF26A675F2E7}.Release|x64.Build.0 = Release|x64
		{FD273A49-441A-426E-9367-BF26A675F2E7}.Release|x86.ActiveCfg = Release|x86
		{FD273A49-441A-426E-9367-BF26A675F2E7}.Release|x86.Build.0 = Release|x86
		{8807828D-DB88-462A-875E-647240D48668}.Debug|Any CPU.ActiveCfg = Debug|Any CPU
		{8807828D-DB88-462A-875E-647240D48668}.Debug|Any CPU.Build.0 = Debug|Any CPU
		{8807828D-DB88-462A-875E-647240D48668}.Debug|x64.ActiveCfg = Debug|x64
		{8807828D-DB88-462A-875E-647240D48668}.Debug|x64.Build.0 = Debug|x64
		{8807828D-DB88-462A-875E-647240D48668}.Debug|x86.ActiveCfg = Debug|x86
		{8807828D-DB88-462A-875E-647240D48668}.Debug|x86.Build.0 = Debug|x86
		{8807828D-DB88-462A-875E-647240D48668}.Release|Any CPU.ActiveCfg = Release|Any CPU
		{8807828D-DB88-462A-875E-647240D48668}.Release|Any CPU.Build.0 = Release|Any CPU
		{8807828D-DB88-462A-875E-647240D48668}.Release|x64.ActiveCfg = Release|x64
		{8807828D-DB88-462A-875E-647240D48668}.Release|x64.Build.0 = Release|x64
		{8807828D-DB88-462A-875E-647240D48668}.Release|x86.ActiveCfg = Release|x86
		{8807828D-DB88-462A-875E-647240D48668}.Release|x86.Build.0 = Release|x86
		{2B26F338-F6E8-4A24-9E2B-7B2DACCFB892}.Debug|Any CPU.ActiveCfg = Debug|Any CPU
		{2B26F338-F6E8-4A24-9E2B-7B2DACCFB892}.Debug|Any CPU.Build.0 = Debug|Any CPU
		{2B26F338-F6E8-4A24-9E2B-7B2DACCFB892}.Debug|x64.ActiveCfg = Debug|x64
		{2B26F338-F6E8-4A24-9E2B-7B2DACCFB892}.Debug|x64.Build.0 = Debug|x64
		{2B26F338-F6E8-4A24-9E2B-7B2DACCFB892}.Debug|x86.ActiveCfg = Debug|x86
		{2B26F338-F6E8-4A24-9E2B-7B2DACCFB892}.Debug|x86.Build.0 = Debug|x86
		{2B26F338-F6E8-4A24-9E2B-7B2DACCFB892}.Release|Any CPU.ActiveCfg = Release|Any CPU
		{2B26F338-F6E8-4A24-9E2B-7B2DACCFB892}.Release|Any CPU.Build.0 = Release|Any CPU
		{2B26F338-F6E8-4A24-9E2B-7B2DACCFB892}.Release|x64.ActiveCfg = Release|x64
		{2B26F338-F6E8-4A24-9E2B-7B2DACCFB892}.Release|x64.Build.0 = Release|x64
		{2B26F338-F6E8-4A24-9E2B-7B2DACCFB892}.Release|x86.ActiveCfg = Release|x86
		{2B26F338-F6E8-4A24-9E2B-7B2DACCFB892}.Release|x86.Build.0 = Release|x86
		{68B4B135-962E-4F6E-B0B3-0D5CBF361203}.Debug|Any CPU.ActiveCfg = Debug|Any CPU
		{68B4B135-962E-4F6E-B0B3-0D5CBF361203}.Debug|Any CPU.Build.0 = Debug|Any CPU
		{68B4B135-962E-4F6E-B0B3-0D5CBF361203}.Debug|x64.ActiveCfg = Debug|x64
		{68B4B135-962E-4F6E-B0B3-0D5CBF361203}.Debug|x64.Build.0 = Debug|x64
		{68B4B135-962E-4F6E-B0B3-0D5CBF361203}.Debug|x86.ActiveCfg = Debug|x86
		{68B4B135-962E-4F6E-B0B3-0D5CBF361203}.Debug|x86.Build.0 = Debug|x86
		{68B4B135-962E-4F6E-B0B3-0D5CBF361203}.Release|Any CPU.ActiveCfg = Release|Any CPU
		{68B4B135-962E-4F6E-B0B3-0D5CBF361203}.Release|Any CPU.Build.0 = Release|Any CPU
		{68B4B135-962E-4F6E-B0B3-0D5CBF361203}.Release|x64.ActiveCfg = Release|x64
		{68B4B135-962E-4F6E-B0B3-0D5CBF361203}.Release|x64.Build.0 = Release|x64
		{68B4B135-962E-4F6E-B0B3-0D5CBF361203}.Release|x86.ActiveCfg = Release|x86
		{68B4B135-962E-4F6E-B0B3-0D5CBF361203}.Release|x86.Build.0 = Release|x86
		{7926B660-8A5D-46C6-9A0F-4F6726E88561}.Debug|Any CPU.ActiveCfg = Debug|Any CPU
		{7926B660-8A5D-46C6-9A0F-4F6726E88561}.Debug|Any CPU.Build.0 = Debug|Any CPU
		{7926B660-8A5D-46C6-9A0F-4F6726E88561}.Debug|x64.ActiveCfg = Debug|x64
		{7926B660-8A5D-46C6-9A0F-4F6726E88561}.Debug|x64.Build.0 = Debug|x64
		{7926B660-8A5D-46C6-9A0F-4F6726E88561}.Debug|x86.ActiveCfg = Debug|x86
		{7926B660-8A5D-46C6-9A0F-4F6726E88561}.Debug|x86.Build.0 = Debug|x86
		{7926B660-8A5D-46C6-9A0F-4F6726E88561}.Release|Any CPU.ActiveCfg = Release|Any CPU
		{7926B660-8A5D-46C6-9A0F-4F6726E88561}.Release|Any CPU.Build.0 = Release|Any CPU
		{7926B660-8A5D-46C6-9A0F-4F6726E88561}.Release|x64.ActiveCfg = Release|x64
		{7926B660-8A5D-46C6-9A0F-4F6726E88561}.Release|x64.Build.0 = Release|x64
		{7926B660-8A5D-46C6-9A0F-4F6726E88561}.Release|x86.ActiveCfg = Release|x86
		{7926B660-8A5D-46C6-9A0F-4F6726E88561}.Release|x86.Build.0 = Release|x86
		{0D529E7F-C4BD-4123-A96D-482E8B411B8D}.Debug|Any CPU.ActiveCfg = Debug|Any CPU
		{0D529E7F-C4BD-4123-A96D-482E8B411B8D}.Debug|Any CPU.Build.0 = Debug|Any CPU
		{0D529E7F-C4BD-4123-A96D-482E8B411B8D}.Debug|x64.ActiveCfg = Debug|x64
		{0D529E7F-C4BD-4123-A96D-482E8B411B8D}.Debug|x64.Build.0 = Debug|x64
		{0D529E7F-C4BD-4123-A96D-482E8B411B8D}.Debug|x86.ActiveCfg = Debug|x86
		{0D529E7F-C4BD-4123-A96D-482E8B411B8D}.Debug|x86.Build.0 = Debug|x86
		{0D529E7F-C4BD-4123-A96D-482E8B411B8D}.Release|Any CPU.ActiveCfg = Release|Any CPU
		{0D529E7F-C4BD-4123-A96D-482E8B411B8D}.Release|Any CPU.Build.0 = Release|Any CPU
		{0D529E7F-C4BD-4123-A96D-482E8B411B8D}.Release|x64.ActiveCfg = Release|x64
		{0D529E7F-C4BD-4123-A96D-482E8B411B8D}.Release|x64.Build.0 = Release|x64
		{0D529E7F-C4BD-4123-A96D-482E8B411B8D}.Release|x86.ActiveCfg = Release|x86
		{0D529E7F-C4BD-4123-A96D-482E8B411B8D}.Release|x86.Build.0 = Release|x86
		{CF4A1C62-DF0E-49E7-94AC-54622F382D12}.Debug|Any CPU.ActiveCfg = Debug
		{CF4A1C62-DF0E-49E7-94AC-54622F382D12}.Debug|x64.ActiveCfg = Debug
		{CF4A1C62-DF0E-49E7-94AC-54622F382D12}.Debug|x86.ActiveCfg = Debug
		{CF4A1C62-DF0E-49E7-94AC-54622F382D12}.Release|Any CPU.ActiveCfg = Release
		{CF4A1C62-DF0E-49E7-94AC-54622F382D12}.Release|x64.ActiveCfg = Release
		{CF4A1C62-DF0E-49E7-94AC-54622F382D12}.Release|x86.ActiveCfg = Release
		{C5136175-8D0F-4D3C-A412-CDDBB8343D4F}.Debug|Any CPU.ActiveCfg = Debug
		{C5136175-8D0F-4D3C-A412-CDDBB8343D4F}.Debug|x64.ActiveCfg = Debug
		{C5136175-8D0F-4D3C-A412-CDDBB8343D4F}.Debug|x86.ActiveCfg = Debug
		{C5136175-8D0F-4D3C-A412-CDDBB8343D4F}.Release|Any CPU.ActiveCfg = Release
		{C5136175-8D0F-4D3C-A412-CDDBB8343D4F}.Release|x64.ActiveCfg = Release
		{C5136175-8D0F-4D3C-A412-CDDBB8343D4F}.Release|x86.ActiveCfg = Release
		{EBF717A5-FBCF-479F-B4F0-B3FE4BF28AD0}.Debug|Any CPU.ActiveCfg = Debug|Any CPU
		{EBF717A5-FBCF-479F-B4F0-B3FE4BF28AD0}.Debug|Any CPU.Build.0 = Debug|Any CPU
		{EBF717A5-FBCF-479F-B4F0-B3FE4BF28AD0}.Debug|x64.ActiveCfg = Debug|x64
		{EBF717A5-FBCF-479F-B4F0-B3FE4BF28AD0}.Debug|x64.Build.0 = Debug|x64
		{EBF717A5-FBCF-479F-B4F0-B3FE4BF28AD0}.Debug|x86.ActiveCfg = Debug|x86
		{EBF717A5-FBCF-479F-B4F0-B3FE4BF28AD0}.Debug|x86.Build.0 = Debug|x86
		{EBF717A5-FBCF-479F-B4F0-B3FE4BF28AD0}.Release|Any CPU.ActiveCfg = Release|Any CPU
		{EBF717A5-FBCF-479F-B4F0-B3FE4BF28AD0}.Release|Any CPU.Build.0 = Release|Any CPU
		{EBF717A5-FBCF-479F-B4F0-B3FE4BF28AD0}.Release|x64.ActiveCfg = Release|x64
		{EBF717A5-FBCF-479F-B4F0-B3FE4BF28AD0}.Release|x64.Build.0 = Release|x64
		{EBF717A5-FBCF-479F-B4F0-B3FE4BF28AD0}.Release|x86.ActiveCfg = Release|x86
		{EBF717A5-FBCF-479F-B4F0-B3FE4BF28AD0}.Release|x86.Build.0 = Release|x86
		{DE5E28C9-5980-4DE1-B3C8-B842597A8393}.Debug|Any CPU.ActiveCfg = Debug
		{DE5E28C9-5980-4DE1-B3C8-B842597A8393}.Debug|x64.ActiveCfg = Debug
		{DE5E28C9-5980-4DE1-B3C8-B842597A8393}.Debug|x86.ActiveCfg = Debug
		{DE5E28C9-5980-4DE1-B3C8-B842597A8393}.Release|Any CPU.ActiveCfg = Release
		{DE5E28C9-5980-4DE1-B3C8-B842597A8393}.Release|x64.ActiveCfg = Release
		{DE5E28C9-5980-4DE1-B3C8-B842597A8393}.Release|x86.ActiveCfg = Release
		{86F72A8D-BCD6-4502-95A5-01E2D476E32E}.Debug|Any CPU.ActiveCfg = Debug
		{86F72A8D-BCD6-4502-95A5-01E2D476E32E}.Debug|Any CPU.Build.0 = Debug
		{86F72A8D-BCD6-4502-95A5-01E2D476E32E}.Debug|x64.ActiveCfg = Debug
		{86F72A8D-BCD6-4502-95A5-01E2D476E32E}.Debug|x64.Build.0 = Debug
		{86F72A8D-BCD6-4502-95A5-01E2D476E32E}.Debug|x86.ActiveCfg = Debug
		{86F72A8D-BCD6-4502-95A5-01E2D476E32E}.Release|Any CPU.ActiveCfg = Release
		{86F72A8D-BCD6-4502-95A5-01E2D476E32E}.Release|Any CPU.Build.0 = Release
		{86F72A8D-BCD6-4502-95A5-01E2D476E32E}.Release|x64.ActiveCfg = Release
		{86F72A8D-BCD6-4502-95A5-01E2D476E32E}.Release|x64.Build.0 = Release
		{86F72A8D-BCD6-4502-95A5-01E2D476E32E}.Release|x86.ActiveCfg = Release
		{86F72A8D-BCD6-4502-95A5-01E2D476E32E}.Release|x86.Build.0 = Release
	EndGlobalSection
	GlobalSection(SolutionProperties) = preSolution
		HideSolutionNode = FALSE
	EndGlobalSection
	GlobalSection(NestedProjects) = preSolution
		{D9914E38-7A6A-4592-A36A-7C19BC259376} = {D38AA9F7-C434-4331-AFDD-6F7B89A86168}
		{FBBCE9D9-2176-4B0F-B136-37E6A542F7B2} = {D38AA9F7-C434-4331-AFDD-6F7B89A86168}
		{CF4A1C62-DF0E-49E7-94AC-54622F382D12} = {254F829F-E480-4D56-A62D-AE3E0076137F}
		{C5136175-8D0F-4D3C-A412-CDDBB8343D4F} = {254F829F-E480-4D56-A62D-AE3E0076137F}
		{DE5E28C9-5980-4DE1-B3C8-B842597A8393} = {254F829F-E480-4D56-A62D-AE3E0076137F}
		{86F72A8D-BCD6-4502-95A5-01E2D476E32E} = {254F829F-E480-4D56-A62D-AE3E0076137F}
		{68B4B135-962E-4F6E-B0B3-0D5CBF361203} = {D9914E38-7A6A-4592-A36A-7C19BC259376}
		{7926B660-8A5D-46C6-9A0F-4F6726E88561} = {D9914E38-7A6A-4592-A36A-7C19BC259376}
		{8807828D-DB88-462A-875E-647240D48668} = {FBBCE9D9-2176-4B0F-B136-37E6A542F7B2}
		{2B26F338-F6E8-4A24-9E2B-7B2DACCFB892} = {FBBCE9D9-2176-4B0F-B136-37E6A542F7B2}
		{0D529E7F-C4BD-4123-A96D-482E8B411B8D} = {BABFD0C7-959C-428E-B128-B69089601147}
		{EBF717A5-FBCF-479F-B4F0-B3FE4BF28AD0} = {08DC6DBD-CA18-4314-8595-4D9B3924C900}
	EndGlobalSection
EndGlobal
